
Microsoft Visual Studio Solution File, Format Version 12.00
# Visual Studio Version 17
VisualStudioVersion = 17.8.34511.84
MinimumVisualStudioVersion = 10.0.40219.1
Project("{F184B08F-C81C-45F6-A57F-5ABD9991F28F}") = "servdown", "servdown\servdown.vbproj", "{5F1641B9-56E7-4E76-8C4C-01B7C4142A35}"
EndProject
Global
	GlobalSection(SolutionConfigurationPlatforms) = preSolution
		Debug|Any CPU = Debug|Any CPU
		Release|Any CPU = Release|Any CPU
	EndGlobalSection
	GlobalSection(ProjectConfigurationPlatforms) = postSolution
		{5F1641B9-56E7-4E76-8C4C-01B7C4142A35}.Debug|Any CPU.ActiveCfg = Debug|Any CPU
		{5F1641B9-56E7-4E76-8C4C-01B7C4142A35}.Debug|Any CPU.Build.0 = Debug|Any CPU
		{5F1641B9-56E7-4E76-8C4C-01B7C4142A35}.Release|Any CPU.ActiveCfg = Release|Any CPU
		{5F1641B9-56E7-4E76-8C4C-01B7C4142A35}.Release|Any CPU.Build.0 = Release|Any CPU
	EndGlobalSection
	GlobalSection(SolutionProperties) = preSolution
		HideSolutionNode = FALSE
	EndGlobalSection
	GlobalSection(ExtensibilityGlobals) = postSolution
		SolutionGuid = {667CA6E0-47B6-42FE-AE14-770574FECD32}
	EndGlobalSection
EndGlobal
